// !$*UTF8*$!
{
	archiveVersion = 1;
	classes = {
	};
	objectVersion = 50;
	objects = {

/* Begin PBXBuildFile section */
		C1506F9026901A520057348B /* HackerNewsApp.swift in Sources */ = {isa = PBXBuildFile; fileRef = C1506F8F26901A520057348B /* HackerNewsApp.swift */; };
		C1506F9226901A520057348B /* ContentView.swift in Sources */ = {isa = PBXBuildFile; fileRef = C1506F9126901A520057348B /* ContentView.swift */; };
		C1506F9426901A550057348B /* Assets.xcassets in Resources */ = {isa = PBXBuildFile; fileRef = C1506F9326901A550057348B /* Assets.xcassets */; };
		C1506F9726901A550057348B /* Preview Assets.xcassets in Resources */ = {isa = PBXBuildFile; fileRef = C1506F9626901A550057348B /* Preview Assets.xcassets */; };
		C1506FA226901A550057348B /* HackerNewsTests.swift in Sources */ = {isa = PBXBuildFile; fileRef = C1506FA126901A550057348B /* HackerNewsTests.swift */; };
		C1506FAD26901A550057348B /* HackerNewsUITests.swift in Sources */ = {isa = PBXBuildFile; fileRef = C1506FAC26901A550057348B /* HackerNewsUITests.swift */; };
		C1506FBF26901AAE0057348B /* HTTPUtility.swift in Sources */ = {isa = PBXBuildFile; fileRef = C1506FBE26901AAE0057348B /* HTTPUtility.swift */; };
		C1506FCD26901CFC0057348B /* NewsStore.swift in Sources */ = {isa = PBXBuildFile; fileRef = C1506FCC26901CFC0057348B /* NewsStore.swift */; };
		C1506FD526901D6C0057348B /* Constant.swift in Sources */ = {isa = PBXBuildFile; fileRef = C1506FD426901D6C0057348B /* Constant.swift */; };
		C1506FDA26901ED90057348B /* NewsModal.swift in Sources */ = {isa = PBXBuildFile; fileRef = C1506FD926901ED90057348B /* NewsModal.swift */; };
/* End PBXBuildFile section */

/* Begin PBXContainerItemProxy section */
		C1506F9E26901A550057348B /* PBXContainerItemProxy */ = {
			isa = PBXContainerItemProxy;
			containerPortal = C1506F8426901A510057348B /* Project object */;
			proxyType = 1;
			remoteGlobalIDString = C1506F8B26901A510057348B;
			remoteInfo = HackerNews;
		};
		C1506FA926901A550057348B /* PBXContainerItemProxy */ = {
			isa = PBXContainerItemProxy;
			containerPortal = C1506F8426901A510057348B /* Project object */;
			proxyType = 1;
			remoteGlobalIDString = C1506F8B26901A510057348B;
			remoteInfo = HackerNews;
		};
/* End PBXContainerItemProxy section */

/* Begin PBXFileReference section */
		C1506F8C26901A520057348B /* HackerNews.app */ = {isa = PBXFileReference; explicitFileType = wrapper.application; includeInIndex = 0; path = HackerNews.app; sourceTree = BUILT_PRODUCTS_DIR; };
		C1506F8F26901A520057348B /* HackerNewsApp.swift */ = {isa = PBXFileReference; lastKnownFileType = sourcecode.swift; path = HackerNewsApp.swift; sourceTree = "<group>"; };
		C1506F9126901A520057348B /* ContentView.swift */ = {isa = PBXFileReference; lastKnownFileType = sourcecode.swift; path = ContentView.swift; sourceTree = "<group>"; };
		C1506F9326901A550057348B /* Assets.xcassets */ = {isa = PBXFileReference; lastKnownFileType = folder.assetcatalog; path = Assets.xcassets; sourceTree = "<group>"; };
		C1506F9626901A550057348B /* Preview Assets.xcassets */ = {isa = PBXFileReference; lastKnownFileType = folder.assetcatalog; path = "Preview Assets.xcassets"; sourceTree = "<group>"; };
		C1506F9826901A550057348B /* Info.plist */ = {isa = PBXFileReference; lastKnownFileType = text.plist.xml; path = Info.plist; sourceTree = "<group>"; };
		C1506F9D26901A550057348B /* HackerNewsTests.xctest */ = {isa = PBXFileReference; explicitFileType = wrapper.cfbundle; includeInIndex = 0; path = HackerNewsTests.xctest; sourceTree = BUILT_PRODUCTS_DIR; };
		C1506FA126901A550057348B /* HackerNewsTests.swift */ = {isa = PBXFileReference; lastKnownFileType = sourcecode.swift; path = HackerNewsTests.swift; sourceTree = "<group>"; };
		C1506FA326901A550057348B /* Info.plist */ = {isa = PBXFileReference; lastKnownFileType = text.plist.xml; path = Info.plist; sourceTree = "<group>"; };
		C1506FA826901A550057348B /* HackerNewsUITests.xctest */ = {isa = PBXFileReference; explicitFileType = wrapper.cfbundle; includeInIndex = 0; path = HackerNewsUITests.xctest; sourceTree = BUILT_PRODUCTS_DIR; };
		C1506FAC26901A550057348B /* HackerNewsUITests.swift */ = {isa = PBXFileReference; lastKnownFileType = sourcecode.swift; path = HackerNewsUITests.swift; sourceTree = "<group>"; };
		C1506FAE26901A550057348B /* Info.plist */ = {isa = PBXFileReference; lastKnownFileType = text.plist.xml; path = Info.plist; sourceTree = "<group>"; };
		C1506FBE26901AAE0057348B /* HTTPUtility.swift */ = {isa = PBXFileReference; lastKnownFileType = sourcecode.swift; path = HTTPUtility.swift; sourceTree = "<group>"; };
		C1506FCC26901CFC0057348B /* NewsStore.swift */ = {isa = PBXFileReference; lastKnownFileType = sourcecode.swift; path = NewsStore.swift; sourceTree = "<group>"; };
		C1506FD426901D6C0057348B /* Constant.swift */ = {isa = PBXFileReference; lastKnownFileType = sourcecode.swift; path = Constant.swift; sourceTree = "<group>"; };
		C1506FD926901ED90057348B /* NewsModal.swift */ = {isa = PBXFileReference; lastKnownFileType = sourcecode.swift; path = NewsModal.swift; sourceTree = "<group>"; };
/* End PBXFileReference section */

/* Begin PBXFrameworksBuildPhase section */
		C1506F8926901A510057348B /* Frameworks */ = {
			isa = PBXFrameworksBuildPhase;
			buildActionMask = 2147483647;
			files = (
			);
			runOnlyForDeploymentPostprocessing = 0;
		};
		C1506F9A26901A550057348B /* Frameworks */ = {
			isa = PBXFrameworksBuildPhase;
			buildActionMask = 2147483647;
			files = (
			);
			runOnlyForDeploymentPostprocessing = 0;
		};
		C1506FA526901A550057348B /* Frameworks */ = {
			isa = PBXFrameworksBuildPhase;
			buildActionMask = 2147483647;
			files = (
			);
			runOnlyForDeploymentPostprocessing = 0;
		};
/* End PBXFrameworksBuildPhase section */

/* Begin PBXGroup section */
		C1506F8326901A510057348B = {
			isa = PBXGroup;
			children = (
				C1506F8E26901A520057348B /* HackerNews */,
				C1506FA026901A550057348B /* HackerNewsTests */,
				C1506FAB26901A550057348B /* HackerNewsUITests */,
				C1506F8D26901A520057348B /* Products */,
			);
			sourceTree = "<group>";
		};
		C1506F8D26901A520057348B /* Products */ = {
			isa = PBXGroup;
			children = (
				C1506F8C26901A520057348B /* HackerNews.app */,
				C1506F9D26901A550057348B /* HackerNewsTests.xctest */,
				C1506FA826901A550057348B /* HackerNewsUITests.xctest */,
			);
			name = Products;
			sourceTree = "<group>";
		};
		C1506F8E26901A520057348B /* HackerNews */ = {
			isa = PBXGroup;
			children = (
				C1506F8F26901A520057348B /* HackerNewsApp.swift */,
				C1506FD426901D6C0057348B /* Constant.swift */,
				C1506FC826901B740057348B /* Stores */,
				C1506FC726901AE40057348B /* ViewModal */,
				C1506FC626901ADF0057348B /* Modal */,
				C1506FBD26901A990057348B /* Utility */,
				C1506F9126901A520057348B /* ContentView.swift */,
				C1506F9326901A550057348B /* Assets.xcassets */,
				C1506F9826901A550057348B /* Info.plist */,
				C1506F9526901A550057348B /* Preview Content */,
			);
			path = HackerNews;
			sourceTree = "<group>";
		};
		C1506F9526901A550057348B /* Preview Content */ = {
			isa = PBXGroup;
			children = (
				C1506F9626901A550057348B /* Preview Assets.xcassets */,
			);
			path = "Preview Content";
			sourceTree = "<group>";
		};
		C1506FA026901A550057348B /* HackerNewsTests */ = {
			isa = PBXGroup;
			children = (
				C1506FA126901A550057348B /* HackerNewsTests.swift */,
				C1506FA326901A550057348B /* Info.plist */,
			);
			path = HackerNewsTests;
			sourceTree = "<group>";
		};
		C1506FAB26901A550057348B /* HackerNewsUITests */ = {
			isa = PBXGroup;
			children = (
				C1506FAC26901A550057348B /* HackerNewsUITests.swift */,
				C1506FAE26901A550057348B /* Info.plist */,
			);
			path = HackerNewsUITests;
			sourceTree = "<group>";
		};
		C1506FBD26901A990057348B /* Utility */ = {
			isa = PBXGroup;
			children = (
				C1506FBE26901AAE0057348B /* HTTPUtility.swift */,
			);
			path = Utility;
			sourceTree = "<group>";
		};
		C1506FC626901ADF0057348B /* Modal */ = {
			isa = PBXGroup;
			children = (
				C1506FD926901ED90057348B /* NewsModal.swift */,
			);
			path = Modal;
			sourceTree = "<group>";
		};
		C1506FC726901AE40057348B /* ViewModal */ = {
			isa = PBXGroup;
			children = (
			);
			path = ViewModal;
			sourceTree = "<group>";
		};
		C1506FC826901B740057348B /* Stores */ = {
			isa = PBXGroup;
			children = (
				C1506FCC26901CFC0057348B /* NewsStore.swift */,
			);
			path = Stores;
			sourceTree = "<group>";
		};
/* End PBXGroup section */

/* Begin PBXNativeTarget section */
		C1506F8B26901A510057348B /* HackerNews */ = {
			isa = PBXNativeTarget;
			buildConfigurationList = C1506FB126901A550057348B /* Build configuration list for PBXNativeTarget "HackerNews" */;
			buildPhases = (
				C1506F8826901A510057348B /* Sources */,
				C1506F8926901A510057348B /* Frameworks */,
				C1506F8A26901A510057348B /* Resources */,
			);
			buildRules = (
			);
			dependencies = (
			);
			name = HackerNews;
			productName = HackerNews;
			productReference = C1506F8C26901A520057348B /* HackerNews.app */;
			productType = "com.apple.product-type.application";
		};
		C1506F9C26901A550057348B /* HackerNewsTests */ = {
			isa = PBXNativeTarget;
			buildConfigurationList = C1506FB426901A550057348B /* Build configuration list for PBXNativeTarget "HackerNewsTests" */;
			buildPhases = (
				C1506F9926901A550057348B /* Sources */,
				C1506F9A26901A550057348B /* Frameworks */,
				C1506F9B26901A550057348B /* Resources */,
			);
			buildRules = (
			);
			dependencies = (
				C1506F9F26901A550057348B /* PBXTargetDependency */,
			);
			name = HackerNewsTests;
			productName = HackerNewsTests;
			productReference = C1506F9D26901A550057348B /* HackerNewsTests.xctest */;
			productType = "com.apple.product-type.bundle.unit-test";
		};
		C1506FA726901A550057348B /* HackerNewsUITests */ = {
			isa = PBXNativeTarget;
			buildConfigurationList = C1506FB726901A550057348B /* Build configuration list for PBXNativeTarget "HackerNewsUITests" */;
			buildPhases = (
				C1506FA426901A550057348B /* Sources */,
				C1506FA526901A550057348B /* Frameworks */,
				C1506FA626901A550057348B /* Resources */,
			);
			buildRules = (
			);
			dependencies = (
				C1506FAA26901A550057348B /* PBXTargetDependency */,
			);
			name = HackerNewsUITests;
			productName = HackerNewsUITests;
			productReference = C1506FA826901A550057348B /* HackerNewsUITests.xctest */;
			productType = "com.apple.product-type.bundle.ui-testing";
		};
/* End PBXNativeTarget section */

/* Begin PBXProject section */
		C1506F8426901A510057348B /* Project object */ = {
			isa = PBXProject;
			attributes = {
				LastSwiftUpdateCheck = 1240;
				LastUpgradeCheck = 1240;
				TargetAttributes = {
					C1506F8B26901A510057348B = {
						CreatedOnToolsVersion = 12.4;
					};
					C1506F9C26901A550057348B = {
						CreatedOnToolsVersion = 12.4;
						TestTargetID = C1506F8B26901A510057348B;
					};
					C1506FA726901A550057348B = {
						CreatedOnToolsVersion = 12.4;
						TestTargetID = C1506F8B26901A510057348B;
					};
				};
			};
			buildConfigurationList = C1506F8726901A510057348B /* Build configuration list for PBXProject "HackerNews" */;
			compatibilityVersion = "Xcode 9.3";
			developmentRegion = en;
			hasScannedForEncodings = 0;
			knownRegions = (
				en,
				Base,
			);
			mainGroup = C1506F8326901A510057348B;
			productRefGroup = C1506F8D26901A520057348B /* Products */;
			projectDirPath = "";
			projectRoot = "";
			targets = (
				C1506F8B26901A510057348B /* HackerNews */,
				C1506F9C26901A550057348B /* HackerNewsTests */,
				C1506FA726901A550057348B /* HackerNewsUITests */,
			);
		};
/* End PBXProject section */

/* Begin PBXResourcesBuildPhase section */
		C1506F8A26901A510057348B /* Resources */ = {
			isa = PBXResourcesBuildPhase;
			buildActionMask = 2147483647;
			files = (
				C1506F9726901A550057348B /* Preview Assets.xcassets in Resources */,
				C1506F9426901A550057348B /* Assets.xcassets in Resources */,
			);
			runOnlyForDeploymentPostprocessing = 0;
		};
		C1506F9B26901A550057348B /* Resources */ = {
			isa = PBXResourcesBuildPhase;
			buildActionMask = 2147483647;
			files = (
			);
			runOnlyForDeploymentPostprocessing = 0;
		};
		C1506FA626901A550057348B /* Resources */ = {
			isa = PBXResourcesBuildPhase;
			buildActionMask = 2147483647;
			files = (
			);
			runOnlyForDeploymentPostprocessing = 0;
		};
/* End PBXResourcesBuildPhase section */

/* Begin PBXSourcesBuildPhase section */
		C1506F8826901A510057348B /* Sources */ = {
			isa = PBXSourcesBuildPhase;
			buildActionMask = 2147483647;
			files = (
				C1506FCD26901CFC0057348B /* NewsStore.swift in Sources */,
				C1506F9226901A520057348B /* ContentView.swift in Sources */,
				C1506FDA26901ED90057348B /* NewsModal.swift in Sources */,
				C1506FD526901D6C0057348B /* Constant.swift in Sources */,
				C1506FBF26901AAE0057348B /* HTTPUtility.swift in Sources */,
				C1506F9026901A520057348B /* HackerNewsApp.swift in Sources */,
			);
			runOnlyForDeploymentPostprocessing = 0;
		};
		C1506F9926901A550057348B /* Sources */ = {
			isa = PBXSourcesBuildPhase;
			buildActionMask = 2147483647;
			files = (
				C1506FA226901A550057348B /* HackerNewsTests.swift in Sources */,
			);
			runOnlyForDeploymentPostprocessing = 0;
		};
		C1506FA426901A550057348B /* Sources */ = {
			isa = PBXSourcesBuildPhase;
			buildActionMask = 2147483647;
			files = (
				C1506FAD26901A550057348B /* HackerNewsUITests.swift in Sources */,
			);
			runOnlyForDeploymentPostprocessing = 0;
		};
/* End PBXSourcesBuildPhase section */

/* Begin PBXTargetDependency section */
		C1506F9F26901A550057348B /* PBXTargetDependency */ = {
			isa = PBXTargetDependency;
			target = C1506F8B26901A510057348B /* HackerNews */;
			targetProxy = C1506F9E26901A550057348B /* PBXContainerItemProxy */;
		};
		C1506FAA26901A550057348B /* PBXTargetDependency */ = {
			isa = PBXTargetDependency;
			target = C1506F8B26901A510057348B /* HackerNews */;
			targetProxy = C1506FA926901A550057348B /* PBXContainerItemProxy */;
		};
/* End PBXTargetDependency section */

/* Begin XCBuildConfiguration section */
		C1506FAF26901A550057348B /* Debug */ = {
			isa = XCBuildConfiguration;
			buildSettings = {
				ALWAYS_SEARCH_USER_PATHS = NO;
				CLANG_ANALYZER_NONNULL = YES;
				CLANG_ANALYZER_NUMBER_OBJECT_CONVERSION = YES_AGGRESSIVE;
				CLANG_CXX_LANGUAGE_STANDARD = "gnu++14";
				CLANG_CXX_LIBRARY = "libc++";
				CLANG_ENABLE_MODULES = YES;
				CLANG_ENABLE_OBJC_ARC = YES;
				CLANG_ENABLE_OBJC_WEAK = YES;
				CLANG_WARN_BLOCK_CAPTURE_AUTORELEASING = YES;
				CLANG_WARN_BOOL_CONVERSION = YES;
				CLANG_WARN_COMMA = YES;
				CLANG_WARN_CONSTANT_CONVERSION = YES;
				CLANG_WARN_DEPRECATED_OBJC_IMPLEMENTATIONS = YES;
				CLANG_WARN_DIRECT_OBJC_ISA_USAGE = YES_ERROR;
				CLANG_WARN_DOCUMENTATION_COMMENTS = YES;
				CLANG_WARN_EMPTY_BODY = YES;
				CLANG_WARN_ENUM_CONVERSION = YES;
				CLANG_WARN_INFINITE_RECURSION = YES;
				CLANG_WARN_INT_CONVERSION = YES;
				CLANG_WARN_NON_LITERAL_NULL_CONVERSION = YES;
				CLANG_WARN_OBJC_IMPLICIT_RETAIN_SELF = YES;
				CLANG_WARN_OBJC_LITERAL_CONVERSION = YES;
				CLANG_WARN_OBJC_ROOT_CLASS = YES_ERROR;
				CLANG_WARN_QUOTED_INCLUDE_IN_FRAMEWORK_HEADER = YES;
				CLANG_WARN_RANGE_LOOP_ANALYSIS = YES;
				CLANG_WARN_STRICT_PROTOTYPES = YES;
				CLANG_WARN_SUSPICIOUS_MOVE = YES;
				CLANG_WARN_UNGUARDED_AVAILABILITY = YES_AGGRESSIVE;
				CLANG_WARN_UNREACHABLE_CODE = YES;
				CLANG_WARN__DUPLICATE_METHOD_MATCH = YES;
				COPY_PHASE_STRIP = NO;
				DEBUG_INFORMATION_FORMAT = dwarf;
				ENABLE_STRICT_OBJC_MSGSEND = YES;
				ENABLE_TESTABILITY = YES;
				GCC_C_LANGUAGE_STANDARD = gnu11;
				GCC_DYNAMIC_NO_PIC = NO;
				GCC_NO_COMMON_BLOCKS = YES;
				GCC_OPTIMIZATION_LEVEL = 0;
				GCC_PREPROCESSOR_DEFINITIONS = (
					"DEBUG=1",
					"$(inherited)",
				);
				GCC_WARN_64_TO_32_BIT_CONVERSION = YES;
				GCC_WARN_ABOUT_RETURN_TYPE = YES_ERROR;
				GCC_WARN_UNDECLARED_SELECTOR = YES;
				GCC_WARN_UNINITIALIZED_AUTOS = YES_AGGRESSIVE;
				GCC_WARN_UNUSED_FUNCTION = YES;
				GCC_WARN_UNUSED_VARIABLE = YES;
				IPHONEOS_DEPLOYMENT_TARGET = 14.4;
				MTL_ENABLE_DEBUG_INFO = INCLUDE_SOURCE;
				MTL_FAST_MATH = YES;
				ONLY_ACTIVE_ARCH = YES;
				SDKROOT = iphoneos;
				SWIFT_ACTIVE_COMPILATION_CONDITIONS = DEBUG;
				SWIFT_OPTIMIZATION_LEVEL = "-Onone";
			};
			name = Debug;
		};
		C1506FB026901A550057348B /* Release */ = {
			isa = XCBuildConfiguration;
			buildSettings = {
				ALWAYS_SEARCH_USER_PATHS = NO;
				CLANG_ANALYZER_NONNULL = YES;
				CLANG_ANALYZER_NUMBER_OBJECT_CONVERSION = YES_AGGRESSIVE;
				CLANG_CXX_LANGUAGE_STANDARD = "gnu++14";
				CLANG_CXX_LIBRARY = "libc++";
				CLANG_ENABLE_MODULES = YES;
				CLANG_ENABLE_OBJC_ARC = YES;
				CLANG_ENABLE_OBJC_WEAK = YES;
				CLANG_WARN_BLOCK_CAPTURE_AUTORELEASING = YES;
				CLANG_WARN_BOOL_CONVERSION = YES;
				CLANG_WARN_COMMA = YES;
				CLANG_WARN_CONSTANT_CONVERSION = YES;
				CLANG_WARN_DEPRECATED_OBJC_IMPLEMENTATIONS = YES;
				CLANG_WARN_DIRECT_OBJC_ISA_USAGE = YES_ERROR;
				CLANG_WARN_DOCUMENTATION_COMMENTS = YES;
				CLANG_WARN_EMPTY_BODY = YES;
				CLANG_WARN_ENUM_CONVERSION = YES;
				CLANG_WARN_INFINITE_RECURSION = YES;
				CLANG_WARN_INT_CONVERSION = YES;
				CLANG_WARN_NON_LITERAL_NULL_CONVERSION = YES;
				CLANG_WARN_OBJC_IMPLICIT_RETAIN_SELF = YES;
				CLANG_WARN_OBJC_LITERAL_CONVERSION = YES;
				CLANG_WARN_OBJC_ROOT_CLASS = YES_ERROR;
				CLANG_WARN_QUOTED_INCLUDE_IN_FRAMEWORK_HEADER = YES;
				CLANG_WARN_RANGE_LOOP_ANALYSIS = YES;
				CLANG_WARN_STRICT_PROTOTYPES = YES;
				CLANG_WARN_SUSPICIOUS_MOVE = YES;
				CLANG_WARN_UNGUARDED_AVAILABILITY = YES_AGGRESSIVE;
				CLANG_WARN_UNREACHABLE_CODE = YES;
				CLANG_WARN__DUPLICATE_METHOD_MATCH = YES;
				COPY_PHASE_STRIP = NO;
				DEBUG_INFORMATION_FORMAT = "dwarf-with-dsym";
				ENABLE_NS_ASSERTIONS = NO;
				ENABLE_STRICT_OBJC_MSGSEND = YES;
				GCC_C_LANGUAGE_STANDARD = gnu11;
				GCC_NO_COMMON_BLOCKS = YES;
				GCC_WARN_64_TO_32_BIT_CONVERSION = YES;
				GCC_WARN_ABOUT_RETURN_TYPE = YES_ERROR;
				GCC_WARN_UNDECLARED_SELECTOR = YES;
				GCC_WARN_UNINITIALIZED_AUTOS = YES_AGGRESSIVE;
				GCC_WARN_UNUSED_FUNCTION = YES;
				GCC_WARN_UNUSED_VARIABLE = YES;
				IPHONEOS_DEPLOYMENT_TARGET = 14.4;
				MTL_ENABLE_DEBUG_INFO = NO;
				MTL_FAST_MATH = YES;
				SDKROOT = iphoneos;
				SWIFT_COMPILATION_MODE = wholemodule;
				SWIFT_OPTIMIZATION_LEVEL = "-O";
				VALIDATE_PRODUCT = YES;
			};
			name = Release;
		};
		C1506FB226901A550057348B /* Debug */ = {
			isa = XCBuildConfiguration;
			buildSettings = {
				ASSETCATALOG_COMPILER_APPICON_NAME = AppIcon;
				ASSETCATALOG_COMPILER_GLOBAL_ACCENT_COLOR_NAME = AccentColor;
				CODE_SIGN_STYLE = Automatic;
				DEVELOPMENT_ASSET_PATHS = "\"HackerNews/Preview Content\"";
				DEVELOPMENT_TEAM = 8LJJ6PC8J6;
				ENABLE_PREVIEWS = YES;
				INFOPLIST_FILE = HackerNews/Info.plist;
				IPHONEOS_DEPLOYMENT_TARGET = 14.0;
				LD_RUNPATH_SEARCH_PATHS = (
					"$(inherited)",
					"@executable_path/Frameworks",
				);
				PRODUCT_BUNDLE_IDENTIFIER = hardipgajera.Notes.HackerNews;
				PRODUCT_NAME = "$(TARGET_NAME)";
				SWIFT_VERSION = 5.0;
				TARGETED_DEVICE_FAMILY = "1,2";
			};
			name = Debug;
		};
		C1506FB326901A550057348B /* Release */ = {
			isa = XCBuildConfiguration;
			buildSettings = {
				ASSETCATALOG_COMPILER_APPICON_NAME = AppIcon;
				ASSETCATALOG_COMPILER_GLOBAL_ACCENT_COLOR_NAME = AccentColor;
				CODE_SIGN_STYLE = Automatic;
				DEVELOPMENT_ASSET_PATHS = "\"HackerNews/Preview Content\"";
				DEVELOPMENT_TEAM = 8LJJ6PC8J6;
				ENABLE_PREVIEWS = YES;
				INFOPLIST_FILE = HackerNews/Info.plist;
				IPHONEOS_DEPLOYMENT_TARGET = 14.0;
				LD_RUNPATH_SEARCH_PATHS = (
					"$(inherited)",
					"@executable_path/Frameworks",
				);
				PRODUCT_BUNDLE_IDENTIFIER = hardipgajera.Notes.HackerNews;
				PRODUCT_NAME = "$(TARGET_NAME)";
				SWIFT_VERSION = 5.0;
				TARGETED_DEVICE_FAMILY = "1,2";
			};
			name = Release;
		};
		C1506FB526901A550057348B /* Debug */ = {
			isa = XCBuildConfiguration;
			buildSettings = {
				ALWAYS_EMBED_SWIFT_STANDARD_LIBRARIES = YES;
				BUNDLE_LOADER = "$(TEST_HOST)";
				CODE_SIGN_STYLE = Automatic;
				DEVELOPMENT_TEAM = 8LJJ6PC8J6;
				INFOPLIST_FILE = HackerNewsTests/Info.plist;
				IPHONEOS_DEPLOYMENT_TARGET = 14.0;
				LD_RUNPATH_SEARCH_PATHS = (
					"$(inherited)",
					"@executable_path/Frameworks",
					"@loader_path/Frameworks",
				);
				PRODUCT_BUNDLE_IDENTIFIER = hardipgajera.Notes.HackerNewsTests;
				PRODUCT_NAME = "$(TARGET_NAME)";
				SWIFT_VERSION = 5.0;
				TARGETED_DEVICE_FAMILY = "1,2";
				TEST_HOST = "$(BUILT_PRODUCTS_DIR)/HackerNews.app/HackerNews";
			};
			name = Debug;
		};
		C1506FB626901A550057348B /* Release */ = {
			isa = XCBuildConfiguration;
			buildSettings = {
				ALWAYS_EMBED_SWIFT_STANDARD_LIBRARIES = YES;
				BUNDLE_LOADER = "$(TEST_HOST)";
				CODE_SIGN_STYLE = Automatic;
				DEVELOPMENT_TEAM = 8LJJ6PC8J6;
				INFOPLIST_FILE = HackerNewsTests/Info.plist;
				IPHONEOS_DEPLOYMENT_TARGET = 14.0;
				LD_RUNPATH_SEARCH_PATHS = (
					"$(inherited)",
					"@executable_path/Frameworks",
					"@loader_path/Frameworks",
				);
				PRODUCT_BUNDLE_IDENTIFIER = hardipgajera.Notes.HackerNewsTests;
				PRODUCT_NAME = "$(TARGET_NAME)";
				SWIFT_VERSION = 5.0;
				TARGETED_DEVICE_FAMILY = "1,2";
				TEST_HOST = "$(BUILT_PRODUCTS_DIR)/HackerNews.app/HackerNews";
			};
			name = Release;
		};
		C1506FB826901A550057348B /* Debug */ = {
			isa = XCBuildConfiguration;
			buildSettings = {
				ALWAYS_EMBED_SWIFT_STANDARD_LIBRARIES = YES;
				CODE_SIGN_STYLE = Automatic;
				DEVELOPMENT_TEAM = 8LJJ6PC8J6;
				INFOPLIST_FILE = HackerNewsUITests/Info.plist;
				LD_RUNPATH_SEARCH_PATHS = (
					"$(inherited)",
					"@executable_path/Frameworks",
					"@loader_path/Frameworks",
				);
				PRODUCT_BUNDLE_IDENTIFIER = hardipgajera.Notes.HackerNewsUITests;
				PRODUCT_NAME = "$(TARGET_NAME)";
				SWIFT_VERSION = 5.0;
				TARGETED_DEVICE_FAMILY = "1,2";
				TEST_TARGET_NAME = HackerNews;
			};
			name = Debug;
		};
		C1506FB926901A550057348B /* Release */ = {
			isa = XCBuildConfiguration;
			buildSettings = {
				ALWAYS_EMBED_SWIFT_STANDARD_LIBRARIES = YES;
				CODE_SIGN_STYLE = Automatic;
				DEVELOPMENT_TEAM = 8LJJ6PC8J6;
				INFOPLIST_FILE = HackerNewsUITests/Info.plist;
				LD_RUNPATH_SEARCH_PATHS = (
					"$(inherited)",
					"@executable_path/Frameworks",
					"@loader_path/Frameworks",
				);
				PRODUCT_BUNDLE_IDENTIFIER = hardipgajera.Notes.HackerNewsUITests;
				PRODUCT_NAME = "$(TARGET_NAME)";
				SWIFT_VERSION = 5.0;
				TARGETED_DEVICE_FAMILY = "1,2";
				TEST_TARGET_NAME = HackerNews;
			};
			name = Release;
		};
/* End XCBuildConfiguration section */

/* Begin XCConfigurationList section */
		C1506F8726901A510057348B /* Build configuration list for PBXProject "HackerNews" */ = {
			isa = XCConfigurationList;
			buildConfigurations = (
				C1506FAF26901A550057348B /* Debug */,
				C1506FB026901A550057348B /* Release */,
			);
			defaultConfigurationIsVisible = 0;
			defaultConfigurationName = Release;
		};
		C1506FB126901A550057348B /* Build configuration list for PBXNativeTarget "HackerNews" */ = {
			isa = XCConfigurationList;
			buildConfigurations = (
				C1506FB226901A550057348B /* Debug */,
				C1506FB326901A550057348B /* Release */,
			);
			defaultConfigurationIsVisible = 0;
			defaultConfigurationName = Release;
		};
		C1506FB426901A550057348B /* Build configuration list for PBXNativeTarget "HackerNewsTests" */ = {
			isa = XCConfigurationList;
			buildConfigurations = (
				C1506FB526901A550057348B /* Debug */,
				C1506FB626901A550057348B /* Release */,
			);
			defaultConfigurationIsVisible = 0;
			defaultConfigurationName = Release;
		};
		C1506FB726901A550057348B /* Build configuration list for PBXNativeTarget "HackerNewsUITests" */ = {
			isa = XCConfigurationList;
			buildConfigurations = (
				C1506FB826901A550057348B /* Debug */,
				C1506FB926901A550057348B /* Release */,
			);
			defaultConfigurationIsVisible = 0;
			defaultConfigurationName = Release;
		};
/* End XCConfigurationList section */
	};
	rootObject = C1506F8426901A510057348B /* Project object */;
}
